
Microsoft Visual Studio Solution File, Format Version 12.00
# Visual Studio Version 17
VisualStudioVersion = 17.5.33627.172
MinimumVisualStudioVersion = 10.0.40219.1
Project("{9A19103F-16F7-4668-BE54-9A1E7A4F7556}") = "AutomobileLibrary", "AutomobileLibrary\AutomobileLibrary.csproj", "{FCB544ED-2222-4581-BFCE-60E86FA5356F}"
EndProject
Global
	GlobalSection(SolutionConfigurationPlatforms) = preSolution
		Debug|Any CPU = Debug|Any CPU
		Release|Any CPU = Release|Any CPU
	EndGlobalSection
	GlobalSection(ProjectConfigurationPlatforms) = postSolution
		{FCB544ED-2222-4581-BFCE-60E86FA5356F}.Debug|Any CPU.ActiveCfg = Debug|Any CPU
		{FCB544ED-2222-4581-BFCE-60E86FA5356F}.Debug|Any CPU.Build.0 = Debug|Any CPU
		{FCB544ED-2222-4581-BFCE-60E86FA5356F}.Release|Any CPU.ActiveCfg = Release|Any CPU
		{FCB544ED-2222-4581-BFCE-60E86FA5356F}.Release|Any CPU.Build.0 = Release|Any CPU
	EndGlobalSection
	GlobalSection(SolutionProperties) = preSolution
		HideSolutionNode = FALSE
	EndGlobalSection
	GlobalSection(ExtensibilityGlobals) = postSolution
		SolutionGuid = {0C7AB29F-07F3-4F15-B9CD-B233126824F7}
	EndGlobalSection
EndGlobal
